{
  "name": "reactjs-components",
  "version": "0.0.32",
  "npm-shrinkwrap-version": "5.4.1",
  "node-version": "v0.10.38",
  "dependencies": {
    "canvas-ui": {
      "version": "0.2.1",
      "resolved": "http://registry.npmjs.org/canvas-ui/-/canvas-ui-0.2.1.tgz"
    },
    "classnames": {
      "version": "2.2.1",
      "resolved": "https://registry.npmjs.org/classnames/-/classnames-2.2.1.tgz"
    },
    "less-color-lighten": {
      "version": "0.0.1",
      "resolved": "https://registry.npmjs.org/less-color-lighten/-/less-color-lighten-0.0.1.tgz"
    }
  }
}
